{
  "name": "demo-card-bot.commands_layer",
  "version": "0.0.1",
  "lockfileVersion": 3,
  "requires": true,
  "packages": {
    "": {
      "name": "demo-card-bot.commands_layer",
      "version": "0.0.1",
      "license": "MIT",
      "dependencies": {
        "slash-create": "^5.10.0"
      }
    },
    "node_modules/eventemitter3": {
      "version": "5.0.1",
      "resolved": "https://registry.npmjs.org/eventemitter3/-/eventemitter3-5.0.1.tgz",
      "integrity": "sha512-GWkBvjiSZK87ELrYOSESUYeVIc9mvLLf/nXalMOS5dYrgZq9o5OVkbZAVM06CVxYsCwH9BDZFPlQTlPA1j4ahA=="
    },
    "node_modules/lodash.isequal": {
      "version": "4.5.0",
      "resolved": "https://registry.npmjs.org/lodash.isequal/-/lodash.isequal-4.5.0.tgz",
      "integrity": "sha512-pDo3lu8Jhfjqls6GkMgpahsF9kCyayhgykjyLMNFTKWrpVdAQtYyB4muAMWozBB4ig/dtWAmsMxLEI8wuz+DYQ=="
    },
    "node_modules/slash-create": {
      "version": "5.13.0",
      "resolved": "https://registry.npmjs.org/slash-create/-/slash-create-5.13.0.tgz",
      "integrity": "sha512-cxvX6qCfVAhSuR+fkgN3u705c+lD3XuHCV/HWNCa7upHH9R46K9v73+AShMmWfmWlBszM9zJFKcB1MCgS/bHUw==",
      "dependencies": {
        "eventemitter3": "^5.0.0",
        "lodash.isequal": "^4.5.0",
        "tweetnacl": "^1.0.3"
      },
      "engines": {
        "node": ">=14"
      },
      "funding": {
        "url": "https://github.com/sponsors/Snazzah"
      },
      "peerDependencies": {
        "express": "^4",
        "fastify": "^3 || ^4"
      },
      "peerDependenciesMeta": {
        "express": {
          "optional": true
        },
        "fastify": {
          "optional": true
        }
      }
    },
    "node_modules/tweetnacl": {
      "version": "1.0.3",
      "resolved": "https://registry.npmjs.org/tweetnacl/-/tweetnacl-1.0.3.tgz",
      "integrity": "sha512-6rt+RN7aOi1nGMyC4Xa5DdYiukl2UWCbcJft7YhxReBGQD7OAM8Pbxw6YMo4r2diNEA8FEmu32YOn9rhaiE5yw=="
    }
  }
}
